
Microsoft Visual Studio Solution File, Format Version 12.00
# Visual Studio Version 16
VisualStudioVersion = 16.0.30225.117
MinimumVisualStudioVersion = 10.0.40219.1
Project("{FAE04EC0-301F-11D3-BF4B-00C04F79EFBC}") = "BethanysPieShop", "BethanysPieShop.csproj", "{D2C60B83-C4C7-428C-9E3D-50772E7064D4}"
EndProject
Global
	GlobalSection(SolutionConfigurationPlatforms) = preSolution
		Debug|Any CPU = Debug|Any CPU
		Release|Any CPU = Release|Any CPU
	EndGlobalSection
	GlobalSection(ProjectConfigurationPlatforms) = postSolution
		{D2C60B83-C4C7-428C-9E3D-50772E7064D4}.Debug|Any CPU.ActiveCfg = Debug|Any CPU
		{D2C60B83-C4C7-428C-9E3D-50772E7064D4}.Debug|Any CPU.Build.0 = Debug|Any CPU
		{D2C60B83-C4C7-428C-9E3D-50772E7064D4}.Release|Any CPU.ActiveCfg = Release|Any CPU
		{D2C60B83-C4C7-428C-9E3D-50772E7064D4}.Release|Any CPU.Build.0 = Release|Any CPU
	EndGlobalSection
	GlobalSection(SolutionProperties) = preSolution
		HideSolutionNode = FALSE
	EndGlobalSection
	GlobalSection(ExtensibilityGlobals) = postSolution
		SolutionGuid = {9E23786F-4AB8-4280-9506-A0E44C680688}
	EndGlobalSection
EndGlobal
